
Microsoft Visual Studio Solution File, Format Version 12.00
# Visual Studio Version 17
VisualStudioVersion = 17.7.34202.233
MinimumVisualStudioVersion = 10.0.40219.1
Project("{2150E333-8FDC-42A3-9474-1A3956D46DE8}") = "src", "src", "{646C6C22-D180-4680-B474-F28C1BF64F04}"
EndProject
Project("{2150E333-8FDC-42A3-9474-1A3956D46DE8}") = "test", "test", "{EA0F57F5-6E91-45B6-A247-DBD3CA3349EA}"
EndProject
Project("{2150E333-8FDC-42A3-9474-1A3956D46DE8}") = "UI", "UI", "{80355713-9183-4C0E-9127-DE7700842746}"
EndProject
Project("{2150E333-8FDC-42A3-9474-1A3956D46DE8}") = "Core", "Core", "{57C65E55-CC4C-472C-A5D5-03A0CCC42EC9}"
EndProject
Project("{2150E333-8FDC-42A3-9474-1A3956D46DE8}") = "Infrastructure", "Infrastructure", "{1FBB9690-1168-40E9-A829-3020901FB987}"
EndProject
Project("{2150E333-8FDC-42A3-9474-1A3956D46DE8}") = "API", "API", "{8E1E1B28-6BC0-47A5-BDF2-4BF7E63EF802}"
EndProject
Project("{FAE04EC0-301F-11D3-BF4B-00C04F79EFBC}") = "Finance.StockMarket.Domain", "Finance.StockMarket.Domain\Finance.StockMarket.Domain.csproj", "{E0EEE77A-BECE-45F7-A1D0-A438DE6EC846}"
EndProject
Project("{FAE04EC0-301F-11D3-BF4B-00C04F79EFBC}") = "Finance.StockMarket.Application", "Finance.StockMarket.Application\Finance.StockMarket.Application.csproj", "{429A9605-AAA8-4122-9020-0D62DC8E601C}"
EndProject
Project("{FAE04EC0-301F-11D3-BF4B-00C04F79EFBC}") = "Finance.StockMarket.Persistence", "Finance.StockMarket.Persistence\Finance.StockMarket.Persistence.csproj", "{3FFD9847-69EB-4D4C-8E43-C57FA5EC2F66}"
EndProject
Project("{FAE04EC0-301F-11D3-BF4B-00C04F79EFBC}") = "Finance.StockMarket.Infrastructure", "Finance.StockMarket.Infrastructure\Finance.StockMarket.Infrastructure.csproj", "{F17773D3-B808-4E49-8A53-9A35C1F9A011}"
EndProject
Project("{FAE04EC0-301F-11D3-BF4B-00C04F79EFBC}") = "Finance.StockMarket.Api", "Finance.StockMarket.Api\Finance.StockMarket.Api.csproj", "{73990360-449A-4656-8996-B22E02CDA001}"
EndProject
Global
	GlobalSection(SolutionConfigurationPlatforms) = preSolution
		Debug|Any CPU = Debug|Any CPU
		Release|Any CPU = Release|Any CPU
	EndGlobalSection
	GlobalSection(ProjectConfigurationPlatforms) = postSolution
		{E0EEE77A-BECE-45F7-A1D0-A438DE6EC846}.Debug|Any CPU.ActiveCfg = Debug|Any CPU
		{E0EEE77A-BECE-45F7-A1D0-A438DE6EC846}.Debug|Any CPU.Build.0 = Debug|Any CPU
		{E0EEE77A-BECE-45F7-A1D0-A438DE6EC846}.Release|Any CPU.ActiveCfg = Release|Any CPU
		{E0EEE77A-BECE-45F7-A1D0-A438DE6EC846}.Release|Any CPU.Build.0 = Release|Any CPU
		{429A9605-AAA8-4122-9020-0D62DC8E601C}.Debug|Any CPU.ActiveCfg = Debug|Any CPU
		{429A9605-AAA8-4122-9020-0D62DC8E601C}.Debug|Any CPU.Build.0 = Debug|Any CPU
		{429A9605-AAA8-4122-9020-0D62DC8E601C}.Release|Any CPU.ActiveCfg = Release|Any CPU
		{429A9605-AAA8-4122-9020-0D62DC8E601C}.Release|Any CPU.Build.0 = Release|Any CPU
		{3FFD9847-69EB-4D4C-8E43-C57FA5EC2F66}.Debug|Any CPU.ActiveCfg = Debug|Any CPU
		{3FFD9847-69EB-4D4C-8E43-C57FA5EC2F66}.Debug|Any CPU.Build.0 = Debug|Any CPU
		{3FFD9847-69EB-4D4C-8E43-C57FA5EC2F66}.Release|Any CPU.ActiveCfg = Release|Any CPU
		{3FFD9847-69EB-4D4C-8E43-C57FA5EC2F66}.Release|Any CPU.Build.0 = Release|Any CPU
		{F17773D3-B808-4E49-8A53-9A35C1F9A011}.Debug|Any CPU.ActiveCfg = Debug|Any CPU
		{F17773D3-B808-4E49-8A53-9A35C1F9A011}.Debug|Any CPU.Build.0 = Debug|Any CPU
		{F17773D3-B808-4E49-8A53-9A35C1F9A011}.Release|Any CPU.ActiveCfg = Release|Any CPU
		{F17773D3-B808-4E49-8A53-9A35C1F9A011}.Release|Any CPU.Build.0 = Release|Any CPU
		{73990360-449A-4656-8996-B22E02CDA001}.Debug|Any CPU.ActiveCfg = Debug|Any CPU
		{73990360-449A-4656-8996-B22E02CDA001}.Debug|Any CPU.Build.0 = Debug|Any CPU
		{73990360-449A-4656-8996-B22E02CDA001}.Release|Any CPU.ActiveCfg = Release|Any CPU
		{73990360-449A-4656-8996-B22E02CDA001}.Release|Any CPU.Build.0 = Release|Any CPU
	EndGlobalSection
	GlobalSection(SolutionProperties) = preSolution
		HideSolutionNode = FALSE
	EndGlobalSection
	GlobalSection(NestedProjects) = preSolution
		{80355713-9183-4C0E-9127-DE7700842746} = {646C6C22-D180-4680-B474-F28C1BF64F04}
		{57C65E55-CC4C-472C-A5D5-03A0CCC42EC9} = {646C6C22-D180-4680-B474-F28C1BF64F04}
		{1FBB9690-1168-40E9-A829-3020901FB987} = {646C6C22-D180-4680-B474-F28C1BF64F04}
		{8E1E1B28-6BC0-47A5-BDF2-4BF7E63EF802} = {646C6C22-D180-4680-B474-F28C1BF64F04}
		{E0EEE77A-BECE-45F7-A1D0-A438DE6EC846} = {57C65E55-CC4C-472C-A5D5-03A0CCC42EC9}
		{429A9605-AAA8-4122-9020-0D62DC8E601C} = {57C65E55-CC4C-472C-A5D5-03A0CCC42EC9}
		{3FFD9847-69EB-4D4C-8E43-C57FA5EC2F66} = {1FBB9690-1168-40E9-A829-3020901FB987}
		{F17773D3-B808-4E49-8A53-9A35C1F9A011} = {1FBB9690-1168-40E9-A829-3020901FB987}
		{73990360-449A-4656-8996-B22E02CDA001} = {8E1E1B28-6BC0-47A5-BDF2-4BF7E63EF802}
	EndGlobalSection
	GlobalSection(ExtensibilityGlobals) = postSolution
		SolutionGuid = {9D325F6D-3093-41CE-ACCB-C220301957A8}
	EndGlobalSection
EndGlobal
